
Microsoft Visual Studio Solution File, Format Version 12.00
# Visual Studio Version 16
VisualStudioVersion = 16.0.31410.357
MinimumVisualStudioVersion = 10.0.40219.1
Project("{FAE04EC0-301F-11D3-BF4B-00C04F79EFBC}") = "SteamAccountManager", "SteamAccountManager\SteamAccountManager.csproj", "{DBF4EDD4-8659-44C2-8ADA-35816F620175}"
EndProject
Global
	GlobalSection(SolutionConfigurationPlatforms) = preSolution
		Debug|Any CPU = Debug|Any CPU
		Release|Any CPU = Release|Any CPU
	EndGlobalSection
	GlobalSection(ProjectConfigurationPlatforms) = postSolution
		{DBF4EDD4-8659-44C2-8ADA-35816F620175}.Debug|Any CPU.ActiveCfg = Debug|Any CPU
		{DBF4EDD4-8659-44C2-8ADA-35816F620175}.Debug|Any CPU.Build.0 = Debug|Any CPU
		{DBF4EDD4-8659-44C2-8ADA-35816F620175}.Release|Any CPU.ActiveCfg = Release|Any CPU
		{DBF4EDD4-8659-44C2-8ADA-35816F620175}.Release|Any CPU.Build.0 = Release|Any CPU
	EndGlobalSection
	GlobalSection(SolutionProperties) = preSolution
		HideSolutionNode = FALSE
	EndGlobalSection
	GlobalSection(ExtensibilityGlobals) = postSolution
		SolutionGuid = {37B2F8D6-6069-4C98-94DA-53BEE9738519}
	EndGlobalSection
EndGlobal
